
Microsoft Visual Studio Solution File, Format Version 12.00
# Visual Studio Version 17
VisualStudioVersion = 17.5.002.0
MinimumVisualStudioVersion = 10.0.40219.1
Project("{9A19103F-16F7-4668-BE54-9A1E7A4F7556}") = "UserService", "UserService.csproj", "{1F9F3272-50FA-409A-AFBF-CB4950374846}"
EndProject
Global
	GlobalSection(SolutionConfigurationPlatforms) = preSolution
		Debug|Any CPU = Debug|Any CPU
		Release|Any CPU = Release|Any CPU
	EndGlobalSection
	GlobalSection(ProjectConfigurationPlatforms) = postSolution
		{1F9F3272-50FA-409A-AFBF-CB4950374846}.Debug|Any CPU.ActiveCfg = Debug|Any CPU
		{1F9F3272-50FA-409A-AFBF-CB4950374846}.Debug|Any CPU.Build.0 = Debug|Any CPU
		{1F9F3272-50FA-409A-AFBF-CB4950374846}.Release|Any CPU.ActiveCfg = Release|Any CPU
		{1F9F3272-50FA-409A-AFBF-CB4950374846}.Release|Any CPU.Build.0 = Release|Any CPU
	EndGlobalSection
	GlobalSection(SolutionProperties) = preSolution
		HideSolutionNode = FALSE
	EndGlobalSection
	GlobalSection(ExtensibilityGlobals) = postSolution
		SolutionGuid = {3A61011E-C058-4684-9D4D-5565490AF4D4}
	EndGlobalSection
EndGlobal
